// !$*UTF8*$!
{
	archiveVersion = 1;
	classes = {
	};
	objectVersion = 46;
	objects = {

/* Begin PBXBuildFile section */
		8BF1C339197C6FD20067C672 /* Foundation.framework in Frameworks */ = {isa = PBXBuildFile; fileRef = 8BF1C338197C6FD20067C672 /* Foundation.framework */; };
		8BF1C33B197C6FD20067C672 /* CoreGraphics.framework in Frameworks */ = {isa = PBXBuildFile; fileRef = 8BF1C33A197C6FD20067C672 /* CoreGraphics.framework */; };
		8BF1C33D197C6FD20067C672 /* UIKit.framework in Frameworks */ = {isa = PBXBuildFile; fileRef = 8BF1C33C197C6FD20067C672 /* UIKit.framework */; };
		8BF1C33F197C6FD20067C672 /* SpriteKit.framework in Frameworks */ = {isa = PBXBuildFile; fileRef = 8BF1C33E197C6FD20067C672 /* SpriteKit.framework */; };
		8BF1C345197C6FD20067C672 /* InfoPlist.strings in Resources */ = {isa = PBXBuildFile; fileRef = 8BF1C343197C6FD20067C672 /* InfoPlist.strings */; };
		8BF1C347197C6FD20067C672 /* main.m in Sources */ = {isa = PBXBuildFile; fileRef = 8BF1C346197C6FD20067C672 /* main.m */; };
		8BF1C34B197C6FD20067C672 /* iAKAppDelegate.m in Sources */ = {isa = PBXBuildFile; fileRef = 8BF1C34A197C6FD20067C672 /* iAKAppDelegate.m */; };
		8BF1C34E197C6FD20067C672 /* Main.storyboard in Resources */ = {isa = PBXBuildFile; fileRef = 8BF1C34C197C6FD20067C672 /* Main.storyboard */; };
		8BF1C351197C6FD20067C672 /* iAKViewController.m in Sources */ = {isa = PBXBuildFile; fileRef = 8BF1C350197C6FD20067C672 /* iAKViewController.m */; };
		8BF1C354197C6FD20067C672 /* iAKMyScene.m in Sources */ = {isa = PBXBuildFile; fileRef = 8BF1C353197C6FD20067C672 /* iAKMyScene.m */; };
		8BF1C356197C6FD30067C672 /* Spaceship.png in Resources */ = {isa = PBXBuildFile; fileRef = 8BF1C355197C6FD30067C672 /* Spaceship.png */; };
		8BF1C358197C6FD30067C672 /* Images.xcassets in Resources */ = {isa = PBXBuildFile; fileRef = 8BF1C357197C6FD30067C672 /* Images.xcassets */; };
		8BF1C35F197C6FD30067C672 /* XCTest.framework in Frameworks */ = {isa = PBXBuildFile; fileRef = 8BF1C35E197C6FD30067C672 /* XCTest.framework */; };
		8BF1C360197C6FD30067C672 /* Foundation.framework in Frameworks */ = {isa = PBXBuildFile; fileRef = 8BF1C338197C6FD20067C672 /* Foundation.framework */; };
		8BF1C361197C6FD30067C672 /* UIKit.framework in Frameworks */ = {isa = PBXBuildFile; fileRef = 8BF1C33C197C6FD20067C672 /* UIKit.framework */; };
		8BF1C369197C6FD30067C672 /* InfoPlist.strings in Resources */ = {isa = PBXBuildFile; fileRef = 8BF1C367197C6FD30067C672 /* InfoPlist.strings */; };
		8BF1C36B197C6FD30067C672 /* Craze_s_AdventureTests.m in Sources */ = {isa = PBXBuildFile; fileRef = 8BF1C36A197C6FD30067C672 /* Craze_s_AdventureTests.m */; };
/* End PBXBuildFile section */

/* Begin PBXContainerItemProxy section */
		8BF1C362197C6FD30067C672 /* PBXContainerItemProxy */ = {
			isa = PBXContainerItemProxy;
			containerPortal = 8BF1C32D197C6FD20067C672 /* Project object */;
			proxyType = 1;
			remoteGlobalIDString = 8BF1C334197C6FD20067C672;
			remoteInfo = "Craze's Adventure";
		};
/* End PBXContainerItemProxy section */

/* Begin PBXFileReference section */
		8BF1C335197C6FD20067C672 /* Craze's Adventure.app */ = {isa = PBXFileReference; explicitFileType = wrapper.application; includeInIndex = 0; path = "Craze's Adventure.app"; sourceTree = BUILT_PRODUCTS_DIR; };
		8BF1C338197C6FD20067C672 /* Foundation.framework */ = {isa = PBXFileReference; lastKnownFileType = wrapper.framework; name = Foundation.framework; path = System/Library/Frameworks/Foundation.framework; sourceTree = SDKROOT; };
		8BF1C33A197C6FD20067C672 /* CoreGraphics.framework */ = {isa = PBXFileReference; lastKnownFileType = wrapper.framework; name = CoreGraphics.framework; path = System/Library/Frameworks/CoreGraphics.framework; sourceTree = SDKROOT; };
		8BF1C33C197C6FD20067C672 /* UIKit.framework */ = {isa = PBXFileReference; lastKnownFileType = wrapper.framework; name = UIKit.framework; path = System/Library/Frameworks/UIKit.framework; sourceTree = SDKROOT; };
		8BF1C33E197C6FD20067C672 /* SpriteKit.framework */ = {isa = PBXFileReference; lastKnownFileType = wrapper.framework; name = SpriteKit.framework; path = System/Library/Frameworks/SpriteKit.framework; sourceTree = SDKROOT; };
		8BF1C342197C6FD20067C672 /* Craze's Adventure-Info.plist */ = {isa = PBXFileReference; lastKnownFileType = text.plist.xml; path = "Craze's Adventure-Info.plist"; sourceTree = "<group>"; };
		8BF1C344197C6FD20067C672 /* en */ = {isa = PBXFileReference; lastKnownFileType = text.plist.strings; name = en; path = en.lproj/InfoPlist.strings; sourceTree = "<group>"; };
		8BF1C346197C6FD20067C672 /* main.m */ = {isa = PBXFileReference; lastKnownFileType = sourcecode.c.objc; path = main.m; sourceTree = "<group>"; };
		8BF1C348197C6FD20067C672 /* Craze's Adventure-Prefix.pch */ = {isa = PBXFileReference; lastKnownFileType = sourcecode.c.h; path = "Craze's Adventure-Prefix.pch"; sourceTree = "<group>"; };
		8BF1C349197C6FD20067C672 /* iAKAppDelegate.h */ = {isa = PBXFileReference; lastKnownFileType = sourcecode.c.h; path = iAKAppDelegate.h; sourceTree = "<group>"; };
		8BF1C34A197C6FD20067C672 /* iAKAppDelegate.m */ = {isa = PBXFileReference; lastKnownFileType = sourcecode.c.objc; path = iAKAppDelegate.m; sourceTree = "<group>"; };
		8BF1C34D197C6FD20067C672 /* Base */ = {isa = PBXFileReference; lastKnownFileType = file.storyboard; name = Base; path = Base.lproj/Main.storyboard; sourceTree = "<group>"; };
		8BF1C34F197C6FD20067C672 /* iAKViewController.h */ = {isa = PBXFileReference; lastKnownFileType = sourcecode.c.h; path = iAKViewController.h; sourceTree = "<group>"; };
		8BF1C350197C6FD20067C672 /* iAKViewController.m */ = {isa = PBXFileReference; lastKnownFileType = sourcecode.c.objc; path = iAKViewController.m; sourceTree = "<group>"; };
		8BF1C352197C6FD20067C672 /* iAKMyScene.h */ = {isa = PBXFileReference; lastKnownFileType = sourcecode.c.h; path = iAKMyScene.h; sourceTree = "<group>"; };
		8BF1C353197C6FD20067C672 /* iAKMyScene.m */ = {isa = PBXFileReference; lastKnownFileType = sourcecode.c.objc; path = iAKMyScene.m; sourceTree = "<group>"; };
		8BF1C355197C6FD30067C672 /* Spaceship.png */ = {isa = PBXFileReference; lastKnownFileType = image.png; path = Spaceship.png; sourceTree = "<group>"; };
		8BF1C357197C6FD30067C672 /* Images.xcassets */ = {isa = PBXFileReference; lastKnownFileType = folder.assetcatalog; path = Images.xcassets; sourceTree = "<group>"; };
		8BF1C35D197C6FD30067C672 /* Craze's AdventureTests.xctest */ = {isa = PBXFileReference; explicitFileType = wrapper.cfbundle; includeInIndex = 0; path = "Craze's AdventureTests.xctest"; sourceTree = BUILT_PRODUCTS_DIR; };
		8BF1C35E197C6FD30067C672 /* XCTest.framework */ = {isa = PBXFileReference; lastKnownFileType = wrapper.framework; name = XCTest.framework; path = Library/Frameworks/XCTest.framework; sourceTree = DEVELOPER_DIR; };
		8BF1C366197C6FD30067C672 /* Craze's AdventureTests-Info.plist */ = {isa = PBXFileReference; lastKnownFileType = text.plist.xml; path = "Craze's AdventureTests-Info.plist"; sourceTree = "<group>"; };
		8BF1C368197C6FD30067C672 /* en */ = {isa = PBXFileReference; lastKnownFileType = text.plist.strings; name = en; path = en.lproj/InfoPlist.strings; sourceTree = "<group>"; };
		8BF1C36A197C6FD30067C672 /* Craze_s_AdventureTests.m */ = {isa = PBXFileReference; lastKnownFileType = sourcecode.c.objc; path = Craze_s_AdventureTests.m; sourceTree = "<group>"; };
/* End PBXFileReference section */

/* Begin PBXFrameworksBuildPhase section */
		8BF1C332197C6FD20067C672 /* Frameworks */ = {
			isa = PBXFrameworksBuildPhase;
			buildActionMask = 2147483647;
			files = (
				8BF1C33B197C6FD20067C672 /* CoreGraphics.framework in Frameworks */,
				8BF1C33D197C6FD20067C672 /* UIKit.framework in Frameworks */,
				8BF1C33F197C6FD20067C672 /* SpriteKit.framework in Frameworks */,
				8BF1C339197C6FD20067C672 /* Foundation.framework in Frameworks */,
			);
			runOnlyForDeploymentPostprocessing = 0;
		};
		8BF1C35A197C6FD30067C672 /* Frameworks */ = {
			isa = PBXFrameworksBuildPhase;
			buildActionMask = 2147483647;
			files = (
				8BF1C35F197C6FD30067C672 /* XCTest.framework in Frameworks */,
				8BF1C361197C6FD30067C672 /* UIKit.framework in Frameworks */,
				8BF1C360197C6FD30067C672 /* Foundation.framework in Frameworks */,
			);
			runOnlyForDeploymentPostprocessing = 0;
		};
/* End PBXFrameworksBuildPhase section */

/* Begin PBXGroup section */
		8BF1C32C197C6FD20067C672 = {
			isa = PBXGroup;
			children = (
				8BF1C340197C6FD20067C672 /* Craze's Adventure */,
				8BF1C364197C6FD30067C672 /* Craze's AdventureTests */,
				8BF1C337197C6FD20067C672 /* Frameworks */,
				8BF1C336197C6FD20067C672 /* Products */,
			);
			sourceTree = "<group>";
		};
		8BF1C336197C6FD20067C672 /* Products */ = {
			isa = PBXGroup;
			children = (
				8BF1C335197C6FD20067C672 /* Craze's Adventure.app */,
				8BF1C35D197C6FD30067C672 /* Craze's AdventureTests.xctest */,
			);
			name = Products;
			sourceTree = "<group>";
		};
		8BF1C337197C6FD20067C672 /* Frameworks */ = {
			isa = PBXGroup;
			children = (
				8BF1C338197C6FD20067C672 /* Foundation.framework */,
				8BF1C33A197C6FD20067C672 /* CoreGraphics.framework */,
				8BF1C33C197C6FD20067C672 /* UIKit.framework */,
				8BF1C33E197C6FD20067C672 /* SpriteKit.framework */,
				8BF1C35E197C6FD30067C672 /* XCTest.framework */,
			);
			name = Frameworks;
			sourceTree = "<group>";
		};
		8BF1C340197C6FD20067C672 /* Craze's Adventure */ = {
			isa = PBXGroup;
			children = (
				8BF1C349197C6FD20067C672 /* iAKAppDelegate.h */,
				8BF1C34A197C6FD20067C672 /* iAKAppDelegate.m */,
				8BF1C34C197C6FD20067C672 /* Main.storyboard */,
				8BF1C34F197C6FD20067C672 /* iAKViewController.h */,
				8BF1C350197C6FD20067C672 /* iAKViewController.m */,
				8BF1C352197C6FD20067C672 /* iAKMyScene.h */,
				8BF1C353197C6FD20067C672 /* iAKMyScene.m */,
				8BF1C355197C6FD30067C672 /* Spaceship.png */,
				8BF1C357197C6FD30067C672 /* Images.xcassets */,
				8BF1C341197C6FD20067C672 /* Supporting Files */,
			);
			path = "Craze's Adventure";
			sourceTree = "<group>";
		};
		8BF1C341197C6FD20067C672 /* Supporting Files */ = {
			isa = PBXGroup;
			children = (
				8BF1C342197C6FD20067C672 /* Craze's Adventure-Info.plist */,
				8BF1C343197C6FD20067C672 /* InfoPlist.strings */,
				8BF1C346197C6FD20067C672 /* main.m */,
				8BF1C348197C6FD20067C672 /* Craze's Adventure-Prefix.pch */,
			);
			name = "Supporting Files";
			sourceTree = "<group>";
		};
		8BF1C364197C6FD30067C672 /* Craze's AdventureTests */ = {
			isa = PBXGroup;
			children = (
				8BF1C36A197C6FD30067C672 /* Craze_s_AdventureTests.m */,
				8BF1C365197C6FD30067C672 /* Supporting Files */,
			);
			path = "Craze's AdventureTests";
			sourceTree = "<group>";
		};
		8BF1C365197C6FD30067C672 /* Supporting Files */ = {
			isa = PBXGroup;
			children = (
				8BF1C366197C6FD30067C672 /* Craze's AdventureTests-Info.plist */,
				8BF1C367197C6FD30067C672 /* InfoPlist.strings */,
			);
			name = "Supporting Files";
			sourceTree = "<group>";
		};
/* End PBXGroup section */

/* Begin PBXNativeTarget section */
		8BF1C334197C6FD20067C672 /* Craze's Adventure */ = {
			isa = PBXNativeTarget;
			buildConfigurationList = 8BF1C36E197C6FD30067C672 /* Build configuration list for PBXNativeTarget "Craze's Adventure" */;
			buildPhases = (
				8BF1C331197C6FD20067C672 /* Sources */,
				8BF1C332197C6FD20067C672 /* Frameworks */,
				8BF1C333197C6FD20067C672 /* Resources */,
			);
			buildRules = (
			);
			dependencies = (
			);
			name = "Craze's Adventure";
			productName = "Craze's Adventure";
			productReference = 8BF1C335197C6FD20067C672 /* Craze's Adventure.app */;
			productType = "com.apple.product-type.application";
		};
		8BF1C35C197C6FD30067C672 /* Craze's AdventureTests */ = {
			isa = PBXNativeTarget;
			buildConfigurationList = 8BF1C371197C6FD30067C672 /* Build configuration list for PBXNativeTarget "Craze's AdventureTests" */;
			buildPhases = (
				8BF1C359197C6FD30067C672 /* Sources */,
				8BF1C35A197C6FD30067C672 /* Frameworks */,
				8BF1C35B197C6FD30067C672 /* Resources */,
			);
			buildRules = (
			);
			dependencies = (
				8BF1C363197C6FD30067C672 /* PBXTargetDependency */,
			);
			name = "Craze's AdventureTests";
			productName = "Craze's AdventureTests";
			productReference = 8BF1C35D197C6FD30067C672 /* Craze's AdventureTests.xctest */;
			productType = "com.apple.product-type.bundle.unit-test";
		};
/* End PBXNativeTarget section */

/* Begin PBXProject section */
		8BF1C32D197C6FD20067C672 /* Project object */ = {
			isa = PBXProject;
			attributes = {
				CLASSPREFIX = iAK;
				LastUpgradeCheck = 0510;
				ORGANIZATIONNAME = iAK;
				TargetAttributes = {
					8BF1C35C197C6FD30067C672 = {
						TestTargetID = 8BF1C334197C6FD20067C672;
					};
				};
			};
			buildConfigurationList = 8BF1C330197C6FD20067C672 /* Build configuration list for PBXProject "Craze's Adventure" */;
			compatibilityVersion = "Xcode 3.2";
			developmentRegion = English;
			hasScannedForEncodings = 0;
			knownRegions = (
				en,
				Base,
			);
			mainGroup = 8BF1C32C197C6FD20067C672;
			productRefGroup = 8BF1C336197C6FD20067C672 /* Products */;
			projectDirPath = "";
			projectRoot = "";
			targets = (
				8BF1C334197C6FD20067C672 /* Craze's Adventure */,
				8BF1C35C197C6FD30067C672 /* Craze's AdventureTests */,
			);
		};
/* End PBXProject section */

/* Begin PBXResourcesBuildPhase section */
		8BF1C333197C6FD20067C672 /* Resources */ = {
			isa = PBXResourcesBuildPhase;
			buildActionMask = 2147483647;
			files = (
				8BF1C345197C6FD20067C672 /* InfoPlist.strings in Resources */,
				8BF1C358197C6FD30067C672 /* Images.xcassets in Resources */,
				8BF1C356197C6FD30067C672 /* Spaceship.png in Resources */,
				8BF1C34E197C6FD20067C672 /* Main.storyboard in Resources */,
			);
			runOnlyForDeploymentPostprocessing = 0;
		};
		8BF1C35B197C6FD30067C672 /* Resources */ = {
			isa = PBXResourcesBuildPhase;
			buildActionMask = 2147483647;
			files = (
				8BF1C369197C6FD30067C672 /* InfoPlist.strings in Resources */,
			);
			runOnlyForDeploymentPostprocessing = 0;
		};
/* End PBXResourcesBuildPhase section */

/* Begin PBXSourcesBuildPhase section */
		8BF1C331197C6FD20067C672 /* Sources */ = {
			isa = PBXSourcesBuildPhase;
			buildActionMask = 2147483647;
			files = (
				8BF1C354197C6FD20067C672 /* iAKMyScene.m in Sources */,
				8BF1C34B197C6FD20067C672 /* iAKAppDelegate.m in Sources */,
				8BF1C347197C6FD20067C672 /* main.m in Sources */,
				8BF1C351197C6FD20067C672 /* iAKViewController.m in Sources */,
			);
			runOnlyForDeploymentPostprocessing = 0;
		};
		8BF1C359197C6FD30067C672 /* Sources */ = {
			isa = PBXSourcesBuildPhase;
			buildActionMask = 2147483647;
			files = (
				8BF1C36B197C6FD30067C672 /* Craze_s_AdventureTests.m in Sources */,
			);
			runOnlyForDeploymentPostprocessing = 0;
		};
/* End PBXSourcesBuildPhase section */

/* Begin PBXTargetDependency section */
		8BF1C363197C6FD30067C672 /* PBXTargetDependency */ = {
			isa = PBXTargetDependency;
			target = 8BF1C334197C6FD20067C672 /* Craze's Adventure */;
			targetProxy = 8BF1C362197C6FD30067C672 /* PBXContainerItemProxy */;
		};
/* End PBXTargetDependency section */

/* Begin PBXVariantGroup section */
		8BF1C343197C6FD20067C672 /* InfoPlist.strings */ = {
			isa = PBXVariantGroup;
			children = (
				8BF1C344197C6FD20067C672 /* en */,
			);
			name = InfoPlist.strings;
			sourceTree = "<group>";
		};
		8BF1C34C197C6FD20067C672 /* Main.storyboard */ = {
			isa = PBXVariantGroup;
			children = (
				8BF1C34D197C6FD20067C672 /* Base */,
			);
			name = Main.storyboard;
			sourceTree = "<group>";
		};
		8BF1C367197C6FD30067C672 /* InfoPlist.strings */ = {
			isa = PBXVariantGroup;
			children = (
				8BF1C368197C6FD30067C672 /* en */,
			);
			name = InfoPlist.strings;
			sourceTree = "<group>";
		};
/* End PBXVariantGroup section */

/* Begin XCBuildConfiguration section */
		8BF1C36C197C6FD30067C672 /* Debug */ = {
			isa = XCBuildConfiguration;
			buildSettings = {
				ALWAYS_SEARCH_USER_PATHS = NO;
				CLANG_CXX_LANGUAGE_STANDARD = "gnu++0x";
				CLANG_CXX_LIBRARY = "libc++";
				CLANG_ENABLE_MODULES = YES;
				CLANG_ENABLE_OBJC_ARC = YES;
				CLANG_WARN_BOOL_CONVERSION = YES;
				CLANG_WARN_CONSTANT_CONVERSION = YES;
				CLANG_WARN_DIRECT_OBJC_ISA_USAGE = YES_ERROR;
				CLANG_WARN_EMPTY_BODY = YES;
				CLANG_WARN_ENUM_CONVERSION = YES;
				CLANG_WARN_INT_CONVERSION = YES;
				CLANG_WARN_OBJC_ROOT_CLASS = YES_ERROR;
				CLANG_WARN__DUPLICATE_METHOD_MATCH = YES;
				"CODE_SIGN_IDENTITY[sdk=iphoneos*]" = "iPhone Developer";
				COPY_PHASE_STRIP = NO;
				GCC_C_LANGUAGE_STANDARD = gnu99;
				GCC_DYNAMIC_NO_PIC = NO;
				GCC_OPTIMIZATION_LEVEL = 0;
				GCC_PREPROCESSOR_DEFINITIONS = (
					"DEBUG=1",
					"$(inherited)",
				);
				GCC_SYMBOLS_PRIVATE_EXTERN = NO;
				GCC_WARN_64_TO_32_BIT_CONVERSION = YES;
				GCC_WARN_ABOUT_RETURN_TYPE = YES_ERROR;
				GCC_WARN_UNDECLARED_SELECTOR = YES;
				GCC_WARN_UNINITIALIZED_AUTOS = YES_AGGRESSIVE;
				GCC_WARN_UNUSED_FUNCTION = YES;
				GCC_WARN_UNUSED_VARIABLE = YES;
				IPHONEOS_DEPLOYMENT_TARGET = 7.1;
				ONLY_ACTIVE_ARCH = YES;
				SDKROOT = iphoneos;
				TARGETED_DEVICE_FAMILY = 2;
			};
			name = Debug;
		};
		8BF1C36D197C6FD30067C672 /* Release */ = {
			isa = XCBuildConfiguration;
			buildSettings = {
				ALWAYS_SEARCH_USER_PATHS = NO;
				CLANG_CXX_LANGUAGE_STANDARD = "gnu++0x";
				CLANG_CXX_LIBRARY = "libc++";
				CLANG_ENABLE_MODULES = YES;
				CLANG_ENABLE_OBJC_ARC = YES;
				CLANG_WARN_BOOL_CONVERSION = YES;
				CLANG_WARN_CONSTANT_CONVERSION = YES;
				CLANG_WARN_DIRECT_OBJC_ISA_USAGE = YES_ERROR;
				CLANG_WARN_EMPTY_BODY = YES;
				CLANG_WARN_ENUM_CONVERSION = YES;
				CLANG_WARN_INT_CONVERSION = YES;
				CLANG_WARN_OBJC_ROOT_CLASS = YES_ERROR;
				CLANG_WARN__DUPLICATE_METHOD_MATCH = YES;
				"CODE_SIGN_IDENTITY[sdk=iphoneos*]" = "iPhone Developer";
				COPY_PHASE_STRIP = YES;
				ENABLE_NS_ASSERTIONS = NO;
				GCC_C_LANGUAGE_STANDARD = gnu99;
				GCC_WARN_64_TO_32_BIT_CONVERSION = YES;
				GCC_WARN_ABOUT_RETURN_TYPE = YES_ERROR;
				GCC_WARN_UNDECLARED_SELECTOR = YES;
				GCC_WARN_UNINITIALIZED_AUTOS = YES_AGGRESSIVE;
				GCC_WARN_UNUSED_FUNCTION = YES;
				GCC_WARN_UNUSED_VARIABLE = YES;
				IPHONEOS_DEPLOYMENT_TARGET = 7.1;
				SDKROOT = iphoneos;
				TARGETED_DEVICE_FAMILY = 2;
				VALIDATE_PRODUCT = YES;
			};
			name = Release;
		};
		8BF1C36F197C6FD30067C672 /* Debug */ = {
			isa = XCBuildConfiguration;
			buildSettings = {
				ASSETCATALOG_COMPILER_APPICON_NAME = AppIcon;
				ASSETCATALOG_COMPILER_LAUNCHIMAGE_NAME = LaunchImage;
				GCC_PRECOMPILE_PREFIX_HEADER = YES;
				GCC_PREFIX_HEADER = "Craze's Adventure/Craze's Adventure-Prefix.pch";
				INFOPLIST_FILE = "Craze's Adventure/Craze's Adventure-Info.plist";
				PRODUCT_NAME = "$(TARGET_NAME)";
				SPRITEKIT_TEXTURE_ATLAS_OUTPUT = YES;
				WRAPPER_EXTENSION = app;
			};
			name = Debug;
		};
		8BF1C370197C6FD30067C672 /* Release */ = {
			isa = XCBuildConfiguration;
			buildSettings = {
				ASSETCATALOG_COMPILER_APPICON_NAME = AppIcon;
				ASSETCATALOG_COMPILER_LAUNCHIMAGE_NAME = LaunchImage;
				GCC_PRECOMPILE_PREFIX_HEADER = YES;
				GCC_PREFIX_HEADER = "Craze's Adventure/Craze's Adventure-Prefix.pch";
				INFOPLIST_FILE = "Craze's Adventure/Craze's Adventure-Info.plist";
				PRODUCT_NAME = "$(TARGET_NAME)";
				SPRITEKIT_TEXTURE_ATLAS_OUTPUT = YES;
				WRAPPER_EXTENSION = app;
			};
			name = Release;
		};
		8BF1C372197C6FD30067C672 /* Debug */ = {
			isa = XCBuildConfiguration;
			buildSettings = {
				BUNDLE_LOADER = "$(BUILT_PRODUCTS_DIR)/Craze's Adventure.app/Craze's Adventure";
				FRAMEWORK_SEARCH_PATHS = (
					"$(SDKROOT)/Developer/Library/Frameworks",
					"$(inherited)",
					"$(DEVELOPER_FRAMEWORKS_DIR)",
				);
				GCC_PRECOMPILE_PREFIX_HEADER = YES;
				GCC_PREFIX_HEADER = "Craze's Adventure/Craze's Adventure-Prefix.pch";
				GCC_PREPROCESSOR_DEFINITIONS = (
					"DEBUG=1",
					"$(inherited)",
				);
				INFOPLIST_FILE = "Craze's AdventureTests/Craze's AdventureTests-Info.plist";
				PRODUCT_NAME = "$(TARGET_NAME)";
				TEST_HOST = "$(BUNDLE_LOADER)";
				WRAPPER_EXTENSION = xctest;
			};
			name = Debug;
		};
		8BF1C373197C6FD30067C672 /* Release */ = {
			isa = XCBuildConfiguration;
			buildSettings = {
				BUNDLE_LOADER = "$(BUILT_PRODUCTS_DIR)/Craze's Adventure.app/Craze's Adventure";
				FRAMEWORK_SEARCH_PATHS = (
					"$(SDKROOT)/Developer/Library/Frameworks",
					"$(inherited)",
					"$(DEVELOPER_FRAMEWORKS_DIR)",
				);
				GCC_PRECOMPILE_PREFIX_HEADER = YES;
				GCC_PREFIX_HEADER = "Craze's Adventure/Craze's Adventure-Prefix.pch";
				INFOPLIST_FILE = "Craze's AdventureTests/Craze's AdventureTests-Info.plist";
				PRODUCT_NAME = "$(TARGET_NAME)";
				TEST_HOST = "$(BUNDLE_LOADER)";
				WRAPPER_EXTENSION = xctest;
			};
			name = Release;
		};
/* End XCBuildConfiguration section */

/* Begin XCConfigurationList section */
		8BF1C330197C6FD20067C672 /* Build configuration list for PBXProject "Craze's Adventure" */ = {
			isa = XCConfigurationList;
			buildConfigurations = (
				8BF1C36C197C6FD30067C672 /* Debug */,
				8BF1C36D197C6FD30067C672 /* Release */,
			);
			defaultConfigurationIsVisible = 0;
			defaultConfigurationName = Release;
		};
		8BF1C36E197C6FD30067C672 /* Build configuration list for PBXNativeTarget "Craze's Adventure" */ = {
			isa = XCConfigurationList;
			buildConfigurations = (
				8BF1C36F197C6FD30067C672 /* Debug */,
				8BF1C370197C6FD30067C672 /* Release */,
			);
			defaultConfigurationIsVisible = 0;
		};
		8BF1C371197C6FD30067C672 /* Build configuration list for PBXNativeTarget "Craze's AdventureTests" */ = {
			isa = XCConfigurationList;
			buildConfigurations = (
				8BF1C372197C6FD30067C672 /* Debug */,
				8BF1C373197C6FD30067C672 /* Release */,
			);
			defaultConfigurationIsVisible = 0;
		};
/* End XCConfigurationList section */
	};
	rootObject = 8BF1C32D197C6FD20067C672 /* Project object */;
}
